
Microsoft Visual Studio Solution File, Format Version 12.00
# Visual Studio 15
VisualStudioVersion = 15.0.27130.2036
MinimumVisualStudioVersion = 10.0.40219.1
Project("{FAE04EC0-301F-11D3-BF4B-00C04F79EFBC}") = "Demo2", "Demo2\Demo2\Demo2.csproj", "{247FA087-59DC-4A45-9602-980F64B6353D}"
EndProject
Project("{FAE04EC0-301F-11D3-BF4B-00C04F79EFBC}") = "Demo2.Android", "Demo2\Demo2.Android\Demo2.Android.csproj", "{5AAE7D0D-7047-4840-ACFA-82581EDE9820}"
EndProject
Project("{FAE04EC0-301F-11D3-BF4B-00C04F79EFBC}") = "Demo2.iOS", "Demo2\Demo2.iOS\Demo2.iOS.csproj", "{9967D2B1-0A3D-429B-8633-A02501337545}"
EndProject
Project("{FAE04EC0-301F-11D3-BF4B-00C04F79EFBC}") = "Demo2.UWP", "Demo2\Demo2.UWP\Demo2.UWP.csproj", "{18AC4E62-BE78-4958-B1AA-7985E2BAD818}"
EndProject
Global
	GlobalSection(SolutionConfigurationPlatforms) = preSolution
		Ad-Hoc|Any CPU = Ad-Hoc|Any CPU
		Ad-Hoc|ARM = Ad-Hoc|ARM
		Ad-Hoc|iPhone = Ad-Hoc|iPhone
		Ad-Hoc|iPhoneSimulator = Ad-Hoc|iPhoneSimulator
		Ad-Hoc|x64 = Ad-Hoc|x64
		Ad-Hoc|x86 = Ad-Hoc|x86
		AppStore|Any CPU = AppStore|Any CPU
		AppStore|ARM = AppStore|ARM
		AppStore|iPhone = AppStore|iPhone
		AppStore|iPhoneSimulator = AppStore|iPhoneSimulator
		AppStore|x64 = AppStore|x64
		AppStore|x86 = AppStore|x86
		Debug|Any CPU = Debug|Any CPU
		Debug|ARM = Debug|ARM
		Debug|iPhone = Debug|iPhone
		Debug|iPhoneSimulator = Debug|iPhoneSimulator
		Debug|x64 = Debug|x64
		Debug|x86 = Debug|x86
		Release|Any CPU = Release|Any CPU
		Release|ARM = Release|ARM
		Release|iPhone = Release|iPhone
		Release|iPhoneSimulator = Release|iPhoneSimulator
		Release|x64 = Release|x64
		Release|x86 = Release|x86
	EndGlobalSection
	GlobalSection(ProjectConfigurationPlatforms) = postSolution
		{247FA087-59DC-4A45-9602-980F64B6353D}.Ad-Hoc|Any CPU.ActiveCfg = Debug|Any CPU
		{247FA087-59DC-4A45-9602-980F64B6353D}.Ad-Hoc|Any CPU.Build.0 = Debug|Any CPU
		{247FA087-59DC-4A45-9602-980F64B6353D}.Ad-Hoc|ARM.ActiveCfg = Debug|Any CPU
		{247FA087-59DC-4A45-9602-980F64B6353D}.Ad-Hoc|ARM.Build.0 = Debug|Any CPU
		{247FA087-59DC-4A45-9602-980F64B6353D}.Ad-Hoc|iPhone.ActiveCfg = Debug|Any CPU
		{247FA087-59DC-4A45-9602-980F64B6353D}.Ad-Hoc|iPhone.Build.0 = Debug|Any CPU
		{247FA087-59DC-4A45-9602-980F64B6353D}.Ad-Hoc|iPhoneSimulator.ActiveCfg = Debug|Any CPU
		{247FA087-59DC-4A45-9602-980F64B6353D}.Ad-Hoc|iPhoneSimulator.Build.0 = Debug|Any CPU
		{247FA087-59DC-4A45-9602-980F64B6353D}.Ad-Hoc|x64.ActiveCfg = Debug|Any CPU
		{247FA087-59DC-4A45-9602-980F64B6353D}.Ad-Hoc|x64.Build.0 = Debug|Any CPU
		{247FA087-59DC-4A45-9602-980F64B6353D}.Ad-Hoc|x86.ActiveCfg = Debug|Any CPU
		{247FA087-59DC-4A45-9602-980F64B6353D}.Ad-Hoc|x86.Build.0 = Debug|Any CPU
		{247FA087-59DC-4A45-9602-980F64B6353D}.AppStore|Any CPU.ActiveCfg = Debug|Any CPU
		{247FA087-59DC-4A45-9602-980F64B6353D}.AppStore|Any CPU.Build.0 = Debug|Any CPU
		{247FA087-59DC-4A45-9602-980F64B6353D}.AppStore|ARM.ActiveCfg = Debug|Any CPU
		{247FA087-59DC-4A45-9602-980F64B6353D}.AppStore|ARM.Build.0 = Debug|Any CPU
		{247FA087-59DC-4A45-9602-980F64B6353D}.AppStore|iPhone.ActiveCfg = Debug|Any CPU
		{247FA087-59DC-4A45-9602-980F64B6353D}.AppStore|iPhone.Build.0 = Debug|Any CPU
		{247FA087-59DC-4A45-9602-980F64B6353D}.AppStore|iPhoneSimulator.ActiveCfg = Debug|Any CPU
		{247FA087-59DC-4A45-9602-980F64B6353D}.AppStore|iPhoneSimulator.Build.0 = Debug|Any CPU
		{247FA087-59DC-4A45-9602-980F64B6353D}.AppStore|x64.ActiveCfg = Debug|Any CPU
		{247FA087-59DC-4A45-9602-980F64B6353D}.AppStore|x64.Build.0 = Debug|Any CPU
		{247FA087-59DC-4A45-9602-980F64B6353D}.AppStore|x86.ActiveCfg = Debug|Any CPU
		{247FA087-59DC-4A45-9602-980F64B6353D}.AppStore|x86.Build.0 = Debug|Any CPU
		{247FA087-59DC-4A45-9602-980F64B6353D}.Debug|Any CPU.ActiveCfg = Debug|Any CPU
		{247FA087-59DC-4A45-9602-980F64B6353D}.Debug|Any CPU.Build.0 = Debug|Any CPU
		{247FA087-59DC-4A45-9602-980F64B6353D}.Debug|ARM.ActiveCfg = Debug|Any CPU
		{247FA087-59DC-4A45-9602-980F64B6353D}.Debug|ARM.Build.0 = Debug|Any CPU
		{247FA087-59DC-4A45-9602-980F64B6353D}.Debug|iPhone.ActiveCfg = Debug|Any CPU
		{247FA087-59DC-4A45-9602-980F64B6353D}.Debug|iPhone.Build.0 = Debug|Any CPU
		{247FA087-59DC-4A45-9602-980F64B6353D}.Debug|iPhoneSimulator.ActiveCfg = Debug|Any CPU
		{247FA087-59DC-4A45-9602-980F64B6353D}.Debug|iPhoneSimulator.Build.0 = Debug|Any CPU
		{247FA087-59DC-4A45-9602-980F64B6353D}.Debug|x64.ActiveCfg = Debug|Any CPU
		{247FA087-59DC-4A45-9602-980F64B6353D}.Debug|x64.Build.0 = Debug|Any CPU
		{247FA087-59DC-4A45-9602-980F64B6353D}.Debug|x86.ActiveCfg = Debug|Any CPU
		{247FA087-59DC-4A45-9602-980F64B6353D}.Debug|x86.Build.0 = Debug|Any CPU
		{247FA087-59DC-4A45-9602-980F64B6353D}.Release|Any CPU.ActiveCfg = Release|Any CPU
		{247FA087-59DC-4A45-9602-980F64B6353D}.Release|Any CPU.Build.0 = Release|Any CPU
		{247FA087-59DC-4A45-9602-980F64B6353D}.Release|ARM.ActiveCfg = Release|Any CPU
		{247FA087-59DC-4A45-9602-980F64B6353D}.Release|ARM.Build.0 = Release|Any CPU
		{247FA087-59DC-4A45-9602-980F64B6353D}.Release|iPhone.ActiveCfg = Release|Any CPU
		{247FA087-59DC-4A45-9602-980F64B6353D}.Release|iPhone.Build.0 = Release|Any CPU
		{247FA087-59DC-4A45-9602-980F64B6353D}.Release|iPhoneSimulator.ActiveCfg = Release|Any CPU
		{247FA087-59DC-4A45-9602-980F64B6353D}.Release|iPhoneSimulator.Build.0 = Release|Any CPU
		{247FA087-59DC-4A45-9602-980F64B6353D}.Release|x64.ActiveCfg = Release|Any CPU
		{247FA087-59DC-4A45-9602-980F64B6353D}.Release|x64.Build.0 = Release|Any CPU
		{247FA087-59DC-4A45-9602-980F64B6353D}.Release|x86.ActiveCfg = Release|Any CPU
		{247FA087-59DC-4A45-9602-980F64B6353D}.Release|x86.Build.0 = Release|Any CPU
		{5AAE7D0D-7047-4840-ACFA-82581EDE9820}.Ad-Hoc|Any CPU.ActiveCfg = Release|Any CPU
		{5AAE7D0D-7047-4840-ACFA-82581EDE9820}.Ad-Hoc|Any CPU.Build.0 = Release|Any CPU
		{5AAE7D0D-7047-4840-ACFA-82581EDE9820}.Ad-Hoc|Any CPU.Deploy.0 = Release|Any CPU
		{5AAE7D0D-7047-4840-ACFA-82581EDE9820}.Ad-Hoc|ARM.ActiveCfg = Release|Any CPU
		{5AAE7D0D-7047-4840-ACFA-82581EDE9820}.Ad-Hoc|ARM.Build.0 = Release|Any CPU
		{5AAE7D0D-7047-4840-ACFA-82581EDE9820}.Ad-Hoc|ARM.Deploy.0 = Release|Any CPU
		{5AAE7D0D-7047-4840-ACFA-82581EDE9820}.Ad-Hoc|iPhone.ActiveCfg = Release|Any CPU
		{5AAE7D0D-7047-4840-ACFA-82581EDE9820}.Ad-Hoc|iPhone.Build.0 = Release|Any CPU
		{5AAE7D0D-7047-4840-ACFA-82581EDE9820}.Ad-Hoc|iPhone.Deploy.0 = Release|Any CPU
		{5AAE7D0D-7047-4840-ACFA-82581EDE9820}.Ad-Hoc|iPhoneSimulator.ActiveCfg = Release|Any CPU
		{5AAE7D0D-7047-4840-ACFA-82581EDE9820}.Ad-Hoc|iPhoneSimulator.Build.0 = Release|Any CPU
		{5AAE7D0D-7047-4840-ACFA-82581EDE9820}.Ad-Hoc|iPhoneSimulator.Deploy.0 = Release|Any CPU
		{5AAE7D0D-7047-4840-ACFA-82581EDE9820}.Ad-Hoc|x64.ActiveCfg = Release|Any CPU
		{5AAE7D0D-7047-4840-ACFA-82581EDE9820}.Ad-Hoc|x64.Build.0 = Release|Any CPU
		{5AAE7D0D-7047-4840-ACFA-82581EDE9820}.Ad-Hoc|x64.Deploy.0 = Release|Any CPU
		{5AAE7D0D-7047-4840-ACFA-82581EDE9820}.Ad-Hoc|x86.ActiveCfg = Release|Any CPU
		{5AAE7D0D-7047-4840-ACFA-82581EDE9820}.Ad-Hoc|x86.Build.0 = Release|Any CPU
		{5AAE7D0D-7047-4840-ACFA-82581EDE9820}.Ad-Hoc|x86.Deploy.0 = Release|Any CPU
		{5AAE7D0D-7047-4840-ACFA-82581EDE9820}.AppStore|Any CPU.ActiveCfg = Release|Any CPU
		{5AAE7D0D-7047-4840-ACFA-82581EDE9820}.AppStore|Any CPU.Build.0 = Release|Any CPU
		{5AAE7D0D-7047-4840-ACFA-82581EDE9820}.AppStore|Any CPU.Deploy.0 = Release|Any CPU
		{5AAE7D0D-7047-4840-ACFA-82581EDE9820}.AppStore|ARM.ActiveCfg = Release|Any CPU
		{5AAE7D0D-7047-4840-ACFA-82581EDE9820}.AppStore|ARM.Build.0 = Release|Any CPU
		{5AAE7D0D-7047-4840-ACFA-82581EDE9820}.AppStore|ARM.Deploy.0 = Release|Any CPU
		{5AAE7D0D-7047-4840-ACFA-82581EDE9820}.AppStore|iPhone.ActiveCfg = Release|Any CPU
		{5AAE7D0D-7047-4840-ACFA-82581EDE9820}.AppStore|iPhone.Build.0 = Release|Any CPU
		{5AAE7D0D-7047-4840-ACFA-82581EDE9820}.AppStore|iPhone.Deploy.0 = Release|Any CPU
		{5AAE7D0D-7047-4840-ACFA-82581EDE9820}.AppStore|iPhoneSimulator.ActiveCfg = Release|Any CPU
		{5AAE7D0D-7047-4840-ACFA-82581EDE9820}.AppStore|iPhoneSimulator.Build.0 = Release|Any CPU
		{5AAE7D0D-7047-4840-ACFA-82581EDE9820}.AppStore|iPhoneSimulator.Deploy.0 = Release|Any CPU
		{5AAE7D0D-7047-4840-ACFA-82581EDE9820}.AppStore|x64.ActiveCfg = Release|Any CPU
		{5AAE7D0D-7047-4840-ACFA-82581EDE9820}.AppStore|x64.Build.0 = Release|Any CPU
		{5AAE7D0D-7047-4840-ACFA-82581EDE9820}.AppStore|x64.Deploy.0 = Release|Any CPU
		{5AAE7D0D-7047-4840-ACFA-82581EDE9820}.AppStore|x86.ActiveCfg = Release|Any CPU
		{5AAE7D0D-7047-4840-ACFA-82581EDE9820}.AppStore|x86.Build.0 = Release|Any CPU
		{5AAE7D0D-7047-4840-ACFA-82581EDE9820}.AppStore|x86.Deploy.0 = Release|Any CPU
		{5AAE7D0D-7047-4840-ACFA-82581EDE9820}.Debug|Any CPU.ActiveCfg = Debug|Any CPU
		{5AAE7D0D-7047-4840-ACFA-82581EDE9820}.Debug|Any CPU.Build.0 = Debug|Any CPU
		{5AAE7D0D-7047-4840-ACFA-82581EDE9820}.Debug|Any CPU.Deploy.0 = Debug|Any CPU
		{5AAE7D0D-7047-4840-ACFA-82581EDE9820}.Debug|ARM.ActiveCfg = Debug|Any CPU
		{5AAE7D0D-7047-4840-ACFA-82581EDE9820}.Debug|ARM.Build.0 = Debug|Any CPU
		{5AAE7D0D-7047-4840-ACFA-82581EDE9820}.Debug|ARM.Deploy.0 = Debug|Any CPU
		{5AAE7D0D-7047-4840-ACFA-82581EDE9820}.Debug|iPhone.ActiveCfg = Debug|Any CPU
		{5AAE7D0D-7047-4840-ACFA-82581EDE9820}.Debug|iPhone.Build.0 = Debug|Any CPU
		{5AAE7D0D-7047-4840-ACFA-82581EDE9820}.Debug|iPhone.Deploy.0 = Debug|Any CPU
		{5AAE7D0D-7047-4840-ACFA-82581EDE9820}.Debug|iPhoneSimulator.ActiveCfg = Debug|Any CPU
		{5AAE7D0D-7047-4840-ACFA-82581EDE9820}.Debug|iPhoneSimulator.Build.0 = Debug|Any CPU
		{5AAE7D0D-7047-4840-ACFA-82581EDE9820}.Debug|iPhoneSimulator.Deploy.0 = Debug|Any CPU
		{5AAE7D0D-7047-4840-ACFA-82581EDE9820}.Debug|x64.ActiveCfg = Debug|Any CPU
		{5AAE7D0D-7047-4840-ACFA-82581EDE9820}.Debug|x64.Build.0 = Debug|Any CPU
		{5AAE7D0D-7047-4840-ACFA-82581EDE9820}.Debug|x64.Deploy.0 = Debug|Any CPU
		{5AAE7D0D-7047-4840-ACFA-82581EDE9820}.Debug|x86.ActiveCfg = Debug|Any CPU
		{5AAE7D0D-7047-4840-ACFA-82581EDE9820}.Debug|x86.Build.0 = Debug|Any CPU
		{5AAE7D0D-7047-4840-ACFA-82581EDE9820}.Debug|x86.Deploy.0 = Debug|Any CPU
		{5AAE7D0D-7047-4840-ACFA-82581EDE9820}.Release|Any CPU.ActiveCfg = Release|Any CPU
		{5AAE7D0D-7047-4840-ACFA-82581EDE9820}.Release|Any CPU.Build.0 = Release|Any CPU
		{5AAE7D0D-7047-4840-ACFA-82581EDE9820}.Release|Any CPU.Deploy.0 = Release|Any CPU
		{5AAE7D0D-7047-4840-ACFA-82581EDE9820}.Release|ARM.ActiveCfg = Release|Any CPU
		{5AAE7D0D-7047-4840-ACFA-82581EDE9820}.Release|ARM.Build.0 = Release|Any CPU
		{5AAE7D0D-7047-4840-ACFA-82581EDE9820}.Release|ARM.Deploy.0 = Release|Any CPU
		{5AAE7D0D-7047-4840-ACFA-82581EDE9820}.Release|iPhone.ActiveCfg = Release|Any CPU
		{5AAE7D0D-7047-4840-ACFA-82581EDE9820}.Release|iPhone.Build.0 = Release|Any CPU
		{5AAE7D0D-7047-4840-ACFA-82581EDE9820}.Release|iPhone.Deploy.0 = Release|Any CPU
		{5AAE7D0D-7047-4840-ACFA-82581EDE9820}.Release|iPhoneSimulator.ActiveCfg = Release|Any CPU
		{5AAE7D0D-7047-4840-ACFA-82581EDE9820}.Release|iPhoneSimulator.Build.0 = Release|Any CPU
		{5AAE7D0D-7047-4840-ACFA-82581EDE9820}.Release|iPhoneSimulator.Deploy.0 = Release|Any CPU
		{5AAE7D0D-7047-4840-ACFA-82581EDE9820}.Release|x64.ActiveCfg = Release|Any CPU
		{5AAE7D0D-7047-4840-ACFA-82581EDE9820}.Release|x64.Build.0 = Release|Any CPU
		{5AAE7D0D-7047-4840-ACFA-82581EDE9820}.Release|x64.Deploy.0 = Release|Any CPU
		{5AAE7D0D-7047-4840-ACFA-82581EDE9820}.Release|x86.ActiveCfg = Release|Any CPU
		{5AAE7D0D-7047-4840-ACFA-82581EDE9820}.Release|x86.Build.0 = Release|Any CPU
		{5AAE7D0D-7047-4840-ACFA-82581EDE9820}.Release|x86.Deploy.0 = Release|Any CPU
		{9967D2B1-0A3D-429B-8633-A02501337545}.Ad-Hoc|Any CPU.ActiveCfg = Ad-Hoc|iPhone
		{9967D2B1-0A3D-429B-8633-A02501337545}.Ad-Hoc|ARM.ActiveCfg = Ad-Hoc|iPhone
		{9967D2B1-0A3D-429B-8633-A02501337545}.Ad-Hoc|iPhone.ActiveCfg = Ad-Hoc|iPhone
		{9967D2B1-0A3D-429B-8633-A02501337545}.Ad-Hoc|iPhone.Build.0 = Ad-Hoc|iPhone
		{9967D2B1-0A3D-429B-8633-A02501337545}.Ad-Hoc|iPhoneSimulator.ActiveCfg = Ad-Hoc|iPhoneSimulator
		{9967D2B1-0A3D-429B-8633-A02501337545}.Ad-Hoc|iPhoneSimulator.Build.0 = Ad-Hoc|iPhoneSimulator
		{9967D2B1-0A3D-429B-8633-A02501337545}.Ad-Hoc|x64.ActiveCfg = Ad-Hoc|iPhone
		{9967D2B1-0A3D-429B-8633-A02501337545}.Ad-Hoc|x86.ActiveCfg = Ad-Hoc|iPhone
		{9967D2B1-0A3D-429B-8633-A02501337545}.AppStore|Any CPU.ActiveCfg = AppStore|iPhone
		{9967D2B1-0A3D-429B-8633-A02501337545}.AppStore|ARM.ActiveCfg = AppStore|iPhone
		{9967D2B1-0A3D-429B-8633-A02501337545}.AppStore|iPhone.ActiveCfg = AppStore|iPhone
		{9967D2B1-0A3D-429B-8633-A02501337545}.AppStore|iPhone.Build.0 = AppStore|iPhone
		{9967D2B1-0A3D-429B-8633-A02501337545}.AppStore|iPhoneSimulator.ActiveCfg = AppStore|iPhoneSimulator
		{9967D2B1-0A3D-429B-8633-A02501337545}.AppStore|iPhoneSimulator.Build.0 = AppStore|iPhoneSimulator
		{9967D2B1-0A3D-429B-8633-A02501337545}.AppStore|x64.ActiveCfg = AppStore|iPhone
		{9967D2B1-0A3D-429B-8633-A02501337545}.AppStore|x86.ActiveCfg = AppStore|iPhone
		{9967D2B1-0A3D-429B-8633-A02501337545}.Debug|Any CPU.ActiveCfg = Debug|iPhone
		{9967D2B1-0A3D-429B-8633-A02501337545}.Debug|ARM.ActiveCfg = Debug|iPhone
		{9967D2B1-0A3D-429B-8633-A02501337545}.Debug|iPhone.ActiveCfg = Debug|iPhone
		{9967D2B1-0A3D-429B-8633-A02501337545}.Debug|iPhone.Build.0 = Debug|iPhone
		{9967D2B1-0A3D-429B-8633-A02501337545}.Debug|iPhoneSimulator.ActiveCfg = Debug|iPhoneSimulator
		{9967D2B1-0A3D-429B-8633-A02501337545}.Debug|iPhoneSimulator.Build.0 = Debug|iPhoneSimulator
		{9967D2B1-0A3D-429B-8633-A02501337545}.Debug|x64.ActiveCfg = Debug|iPhone
		{9967D2B1-0A3D-429B-8633-A02501337545}.Debug|x86.ActiveCfg = Debug|iPhone
		{9967D2B1-0A3D-429B-8633-A02501337545}.Release|Any CPU.ActiveCfg = Release|iPhone
		{9967D2B1-0A3D-429B-8633-A02501337545}.Release|ARM.ActiveCfg = Release|iPhone
		{9967D2B1-0A3D-429B-8633-A02501337545}.Release|iPhone.ActiveCfg = Release|iPhone
		{9967D2B1-0A3D-429B-8633-A02501337545}.Release|iPhone.Build.0 = Release|iPhone
		{9967D2B1-0A3D-429B-8633-A02501337545}.Release|iPhoneSimulator.ActiveCfg = Release|iPhoneSimulator
		{9967D2B1-0A3D-429B-8633-A02501337545}.Release|iPhoneSimulator.Build.0 = Release|iPhoneSimulator
		{9967D2B1-0A3D-429B-8633-A02501337545}.Release|x64.ActiveCfg = Release|iPhone
		{9967D2B1-0A3D-429B-8633-A02501337545}.Release|x86.ActiveCfg = Release|iPhone
		{18AC4E62-BE78-4958-B1AA-7985E2BAD818}.Ad-Hoc|Any CPU.ActiveCfg = Release|x86
		{18AC4E62-BE78-4958-B1AA-7985E2BAD818}.Ad-Hoc|Any CPU.Build.0 = Release|x86
		{18AC4E62-BE78-4958-B1AA-7985E2BAD818}.Ad-Hoc|Any CPU.Deploy.0 = Release|x86
		{18AC4E62-BE78-4958-B1AA-7985E2BAD818}.Ad-Hoc|ARM.ActiveCfg = Release|ARM
		{18AC4E62-BE78-4958-B1AA-7985E2BAD818}.Ad-Hoc|ARM.Build.0 = Release|ARM
		{18AC4E62-BE78-4958-B1AA-7985E2BAD818}.Ad-Hoc|ARM.Deploy.0 = Release|ARM
		{18AC4E62-BE78-4958-B1AA-7985E2BAD818}.Ad-Hoc|iPhone.ActiveCfg = Release|x86
		{18AC4E62-BE78-4958-B1AA-7985E2BAD818}.Ad-Hoc|iPhone.Build.0 = Release|x86
		{18AC4E62-BE78-4958-B1AA-7985E2BAD818}.Ad-Hoc|iPhone.Deploy.0 = Release|x86
		{18AC4E62-BE78-4958-B1AA-7985E2BAD818}.Ad-Hoc|iPhoneSimulator.ActiveCfg = Release|x86
		{18AC4E62-BE78-4958-B1AA-7985E2BAD818}.Ad-Hoc|iPhoneSimulator.Build.0 = Release|x86
		{18AC4E62-BE78-4958-B1AA-7985E2BAD818}.Ad-Hoc|iPhoneSimulator.Deploy.0 = Release|x86
		{18AC4E62-BE78-4958-B1AA-7985E2BAD818}.Ad-Hoc|x64.ActiveCfg = Release|x64
		{18AC4E62-BE78-4958-B1AA-7985E2BAD818}.Ad-Hoc|x64.Build.0 = Release|x64
		{18AC4E62-BE78-4958-B1AA-7985E2BAD818}.Ad-Hoc|x64.Deploy.0 = Release|x64
		{18AC4E62-BE78-4958-B1AA-7985E2BAD818}.Ad-Hoc|x86.ActiveCfg = Release|x86
		{18AC4E62-BE78-4958-B1AA-7985E2BAD818}.Ad-Hoc|x86.Build.0 = Release|x86
		{18AC4E62-BE78-4958-B1AA-7985E2BAD818}.Ad-Hoc|x86.Deploy.0 = Release|x86
		{18AC4E62-BE78-4958-B1AA-7985E2BAD818}.AppStore|Any CPU.ActiveCfg = Release|x86
		{18AC4E62-BE78-4958-B1AA-7985E2BAD818}.AppStore|Any CPU.Build.0 = Release|x86
		{18AC4E62-BE78-4958-B1AA-7985E2BAD818}.AppStore|Any CPU.Deploy.0 = Release|x86
		{18AC4E62-BE78-4958-B1AA-7985E2BAD818}.AppStore|ARM.ActiveCfg = Release|ARM
		{18AC4E62-BE78-4958-B1AA-7985E2BAD818}.AppStore|ARM.Build.0 = Release|ARM
		{18AC4E62-BE78-4958-B1AA-7985E2BAD818}.AppStore|ARM.Deploy.0 = Release|ARM
		{18AC4E62-BE78-4958-B1AA-7985E2BAD818}.AppStore|iPhone.ActiveCfg = Release|x86
		{18AC4E62-BE78-4958-B1AA-7985E2BAD818}.AppStore|iPhone.Build.0 = Release|x86
		{18AC4E62-BE78-4958-B1AA-7985E2BAD818}.AppStore|iPhone.Deploy.0 = Release|x86
		{18AC4E62-BE78-4958-B1AA-7985E2BAD818}.AppStore|iPhoneSimulator.ActiveCfg = Release|x86
		{18AC4E62-BE78-4958-B1AA-7985E2BAD818}.AppStore|iPhoneSimulator.Build.0 = Release|x86
		{18AC4E62-BE78-4958-B1AA-7985E2BAD818}.AppStore|iPhoneSimulator.Deploy.0 = Release|x86
		{18AC4E62-BE78-4958-B1AA-7985E2BAD818}.AppStore|x64.ActiveCfg = Release|x64
		{18AC4E62-BE78-4958-B1AA-7985E2BAD818}.AppStore|x64.Build.0 = Release|x64
		{18AC4E62-BE78-4958-B1AA-7985E2BAD818}.AppStore|x64.Deploy.0 = Release|x64
		{18AC4E62-BE78-4958-B1AA-7985E2BAD818}.AppStore|x86.ActiveCfg = Release|x86
		{18AC4E62-BE78-4958-B1AA-7985E2BAD818}.AppStore|x86.Build.0 = Release|x86
		{18AC4E62-BE78-4958-B1AA-7985E2BAD818}.AppStore|x86.Deploy.0 = Release|x86
		{18AC4E62-BE78-4958-B1AA-7985E2BAD818}.Debug|Any CPU.ActiveCfg = Debug|x86
		{18AC4E62-BE78-4958-B1AA-7985E2BAD818}.Debug|ARM.ActiveCfg = Debug|ARM
		{18AC4E62-BE78-4958-B1AA-7985E2BAD818}.Debug|ARM.Build.0 = Debug|ARM
		{18AC4E62-BE78-4958-B1AA-7985E2BAD818}.Debug|ARM.Deploy.0 = Debug|ARM
		{18AC4E62-BE78-4958-B1AA-7985E2BAD818}.Debug|iPhone.ActiveCfg = Debug|x86
		{18AC4E62-BE78-4958-B1AA-7985E2BAD818}.Debug|iPhoneSimulator.ActiveCfg = Debug|x86
		{18AC4E62-BE78-4958-B1AA-7985E2BAD818}.Debug|x64.ActiveCfg = Debug|x64
		{18AC4E62-BE78-4958-B1AA-7985E2BAD818}.Debug|x64.Build.0 = Debug|x64
		{18AC4E62-BE78-4958-B1AA-7985E2BAD818}.Debug|x64.Deploy.0 = Debug|x64
		{18AC4E62-BE78-4958-B1AA-7985E2BAD818}.Debug|x86.ActiveCfg = Debug|x86
		{18AC4E62-BE78-4958-B1AA-7985E2BAD818}.Debug|x86.Build.0 = Debug|x86
		{18AC4E62-BE78-4958-B1AA-7985E2BAD818}.Debug|x86.Deploy.0 = Debug|x86
		{18AC4E62-BE78-4958-B1AA-7985E2BAD818}.Release|Any CPU.ActiveCfg = Release|x86
		{18AC4E62-BE78-4958-B1AA-7985E2BAD818}.Release|ARM.ActiveCfg = Release|ARM
		{18AC4E62-BE78-4958-B1AA-7985E2BAD818}.Release|ARM.Build.0 = Release|ARM
		{18AC4E62-BE78-4958-B1AA-7985E2BAD818}.Release|ARM.Deploy.0 = Release|ARM
		{18AC4E62-BE78-4958-B1AA-7985E2BAD818}.Release|iPhone.ActiveCfg = Release|x86
		{18AC4E62-BE78-4958-B1AA-7985E2BAD818}.Release|iPhoneSimulator.ActiveCfg = Release|x86
		{18AC4E62-BE78-4958-B1AA-7985E2BAD818}.Release|x64.ActiveCfg = Release|x64
		{18AC4E62-BE78-4958-B1AA-7985E2BAD818}.Release|x64.Build.0 = Release|x64
		{18AC4E62-BE78-4958-B1AA-7985E2BAD818}.Release|x64.Deploy.0 = Release|x64
		{18AC4E62-BE78-4958-B1AA-7985E2BAD818}.Release|x86.ActiveCfg = Release|x86
		{18AC4E62-BE78-4958-B1AA-7985E2BAD818}.Release|x86.Build.0 = Release|x86
		{18AC4E62-BE78-4958-B1AA-7985E2BAD818}.Release|x86.Deploy.0 = Release|x86
	EndGlobalSection
	GlobalSection(SolutionProperties) = preSolution
		HideSolutionNode = FALSE
	EndGlobalSection
	GlobalSection(ExtensibilityGlobals) = postSolution
		SolutionGuid = {10662B94-335D-4B6A-8CCC-4082BDC83D86}
	EndGlobalSection
EndGlobal
